
Microsoft Visual Studio Solution File, Format Version 12.00
# Visual Studio Version 17
VisualStudioVersion = 17.11.35219.272
MinimumVisualStudioVersion = 10.0.40219.1
Project("{FAE04EC0-301F-11D3-BF4B-00C04F79EFBC}") = "alexandmebaas", "alexandmebaas.csproj", "{E5076603-A878-41B4-BF27-D237F0BA69F6}"
EndProject
Global
	GlobalSection(SolutionConfigurationPlatforms) = preSolution
		Debug|Any CPU = Debug|Any CPU
		Release|Any CPU = Release|Any CPU
	EndGlobalSection
	GlobalSection(ProjectConfigurationPlatforms) = postSolution
		{E5076603-A878-41B4-BF27-D237F0BA69F6}.Debug|Any CPU.ActiveCfg = Debug|Any CPU
		{E5076603-A878-41B4-BF27-D237F0BA69F6}.Debug|Any CPU.Build.0 = Debug|Any CPU
		{E5076603-A878-41B4-BF27-D237F0BA69F6}.Release|Any CPU.ActiveCfg = Release|Any CPU
		{E5076603-A878-41B4-BF27-D237F0BA69F6}.Release|Any CPU.Build.0 = Release|Any CPU
	EndGlobalSection
	GlobalSection(SolutionProperties) = preSolution
		HideSolutionNode = FALSE
	EndGlobalSection
	GlobalSection(ExtensibilityGlobals) = postSolution
		SolutionGuid = {4964084D-D2F4-41CC-8179-C03F13B823E2}
	EndGlobalSection
EndGlobal
